
Microsoft Visual Studio Solution File, Format Version 12.00
# Visual Studio Version 16
VisualStudioVersion = 16.0.30717.126
MinimumVisualStudioVersion = 10.0.40219.1
Project("{9A19103F-16F7-4668-BE54-9A1E7A4F7556}") = "DocumentStore", "DocumentStore.csproj", "{DD28C969-53CF-4343-8D64-2A93C088A89A}"
EndProject
Global
	GlobalSection(SolutionConfigurationPlatforms) = preSolution
		Debug|Any CPU = Debug|Any CPU
		Release|Any CPU = Release|Any CPU
	EndGlobalSection
	GlobalSection(ProjectConfigurationPlatforms) = postSolution
		{DD28C969-53CF-4343-8D64-2A93C088A89A}.Debug|Any CPU.ActiveCfg = Debug|Any CPU
		{DD28C969-53CF-4343-8D64-2A93C088A89A}.Debug|Any CPU.Build.0 = Debug|Any CPU
		{DD28C969-53CF-4343-8D64-2A93C088A89A}.Release|Any CPU.ActiveCfg = Release|Any CPU
		{DD28C969-53CF-4343-8D64-2A93C088A89A}.Release|Any CPU.Build.0 = Release|Any CPU
	EndGlobalSection
	GlobalSection(SolutionProperties) = preSolution
		HideSolutionNode = FALSE
	EndGlobalSection
	GlobalSection(ExtensibilityGlobals) = postSolution
		SolutionGuid = {B4CF8C27-3EF4-4B51-BA6B-4BF23B867F81}
	EndGlobalSection
EndGlobal
